github.com/0verkilll/i18n v1.0.1 h1:OX1s5fVlpD/0FQLeVTwnOxSQF0OV3+jwDDC2qdD/GEk=
github.com/0verkilll/i18n v1.0.1/go.mod h1:gfxcHdQETIeXP6nnSzmJiyOixvB+o7HWNonTl3bZiw0=
github.com/0verkilll/jpeg v1.0.1 h1:O8it+GvLTZnMo/YFUCKwnQ4GNxm6PMRCkzDsVqprRDk=
github.com/0verkilll/jpeg v1.0.1/go.mod h1:cXVhAMAylFH8LIJCRXOvS9zdthA7ZQf1ljZt+DmgGf0=
github.com/0verkilll/logger v1.0.1 h1:ndUXNZUPbSW00cZgHxdGkaA/yQ5KFk7Urd8Odq3iwNM=
github.com/0verkilll/logger v1.0.1/go.mod h1:YvyHCPAitAcs9tfTaR5NfiEqVxSWvLlGv/vkLDDISxQ=
